// !$*UTF8*$!
{
	archiveVersion = 1;
	classes = {
	};
	objectVersion = 46;
	objects = {

/* Begin PBXBuildFile section */
		A05F4D461E4C508100D37809 /* ShowPictureViewController.swift in Sources */ = {isa = PBXBuildFile; fileRef = A05F4D451E4C508100D37809 /* ShowPictureViewController.swift */; };
		A0E915FB1E49758C00778A27 /* AppDelegate.swift in Sources */ = {isa = PBXBuildFile; fileRef = A0E915FA1E49758C00778A27 /* AppDelegate.swift */; };
		A0E915FD1E49758C00778A27 /* ViewController.swift in Sources */ = {isa = PBXBuildFile; fileRef = A0E915FC1E49758C00778A27 /* ViewController.swift */; };
		A0E916001E49758C00778A27 /* Main.storyboard in Resources */ = {isa = PBXBuildFile; fileRef = A0E915FE1E49758C00778A27 /* Main.storyboard */; };
		A0E916021E49758C00778A27 /* Assets.xcassets in Resources */ = {isa = PBXBuildFile; fileRef = A0E916011E49758C00778A27 /* Assets.xcassets */; };
		A0E916051E49758C00778A27 /* LaunchScreen.storyboard in Resources */ = {isa = PBXBuildFile; fileRef = A0E916031E49758C00778A27 /* LaunchScreen.storyboard */; };
		A0E916101E49758C00778A27 /* WKImagePickerTests.swift in Sources */ = {isa = PBXBuildFile; fileRef = A0E9160F1E49758C00778A27 /* WKImagePickerTests.swift */; };
		A0E9161B1E49758C00778A27 /* WKImagePickerUITests.swift in Sources */ = {isa = PBXBuildFile; fileRef = A0E9161A1E49758C00778A27 /* WKImagePickerUITests.swift */; };
		A0E916291E497BC200778A27 /* ImagePickerViewController.swift in Sources */ = {isa = PBXBuildFile; fileRef = A0E916281E497BC200778A27 /* ImagePickerViewController.swift */; };
/* End PBXBuildFile section */

/* Begin PBXContainerItemProxy section */
		A0E9160C1E49758C00778A27 /* PBXContainerItemProxy */ = {
			isa = PBXContainerItemProxy;
			containerPortal = A0E915EF1E49758C00778A27 /* Project object */;
			proxyType = 1;
			remoteGlobalIDString = A0E915F61E49758C00778A27;
			remoteInfo = WKImagePicker;
		};
		A0E916171E49758C00778A27 /* PBXContainerItemProxy */ = {
			isa = PBXContainerItemProxy;
			containerPortal = A0E915EF1E49758C00778A27 /* Project object */;
			proxyType = 1;
			remoteGlobalIDString = A0E915F61E49758C00778A27;
			remoteInfo = WKImagePicker;
		};
/* End PBXContainerItemProxy section */

/* Begin PBXFileReference section */
		A05F4D451E4C508100D37809 /* ShowPictureViewController.swift */ = {isa = PBXFileReference; fileEncoding = 4; lastKnownFileType = sourcecode.swift; path = ShowPictureViewController.swift; sourceTree = "<group>"; };
		A0E915F71E49758C00778A27 /* WKImagePicker.app */ = {isa = PBXFileReference; explicitFileType = wrapper.application; includeInIndex = 0; path = WKImagePicker.app; sourceTree = BUILT_PRODUCTS_DIR; };
		A0E915FA1E49758C00778A27 /* AppDelegate.swift */ = {isa = PBXFileReference; lastKnownFileType = sourcecode.swift; path = AppDelegate.swift; sourceTree = "<group>"; };
		A0E915FC1E49758C00778A27 /* ViewController.swift */ = {isa = PBXFileReference; lastKnownFileType = sourcecode.swift; path = ViewController.swift; sourceTree = "<group>"; };
		A0E915FF1E49758C00778A27 /* Base */ = {isa = PBXFileReference; lastKnownFileType = file.storyboard; name = Base; path = Base.lproj/Main.storyboard; sourceTree = "<group>"; };
		A0E916011E49758C00778A27 /* Assets.xcassets */ = {isa = PBXFileReference; lastKnownFileType = folder.assetcatalog; path = Assets.xcassets; sourceTree = "<group>"; };
		A0E916041E49758C00778A27 /* Base */ = {isa = PBXFileReference; lastKnownFileType = file.storyboard; name = Base; path = Base.lproj/LaunchScreen.storyboard; sourceTree = "<group>"; };
		A0E916061E49758C00778A27 /* Info.plist */ = {isa = PBXFileReference; lastKnownFileType = text.plist.xml; path = Info.plist; sourceTree = "<group>"; };
		A0E9160B1E49758C00778A27 /* WKImagePickerTests.xctest */ = {isa = PBXFileReference; explicitFileType = wrapper.cfbundle; includeInIndex = 0; path = WKImagePickerTests.xctest; sourceTree = BUILT_PRODUCTS_DIR; };
		A0E9160F1E49758C00778A27 /* WKImagePickerTests.swift */ = {isa = PBXFileReference; lastKnownFileType = sourcecode.swift; path = WKImagePickerTests.swift; sourceTree = "<group>"; };
		A0E916111E49758C00778A27 /* Info.plist */ = {isa = PBXFileReference; lastKnownFileType = text.plist.xml; path = Info.plist; sourceTree = "<group>"; };
		A0E916161E49758C00778A27 /* WKImagePickerUITests.xctest */ = {isa = PBXFileReference; explicitFileType = wrapper.cfbundle; includeInIndex = 0; path = WKImagePickerUITests.xctest; sourceTree = BUILT_PRODUCTS_DIR; };
		A0E9161A1E49758C00778A27 /* WKImagePickerUITests.swift */ = {isa = PBXFileReference; lastKnownFileType = sourcecode.swift; path = WKImagePickerUITests.swift; sourceTree = "<group>"; };
		A0E9161C1E49758C00778A27 /* Info.plist */ = {isa = PBXFileReference; lastKnownFileType = text.plist.xml; path = Info.plist; sourceTree = "<group>"; };
		A0E916281E497BC200778A27 /* ImagePickerViewController.swift */ = {isa = PBXFileReference; fileEncoding = 4; lastKnownFileType = sourcecode.swift; path = ImagePickerViewController.swift; sourceTree = "<group>"; };
/* End PBXFileReference section */

/* Begin PBXFrameworksBuildPhase section */
		A0E915F41E49758C00778A27 /* Frameworks */ = {
			isa = PBXFrameworksBuildPhase;
			buildActionMask = 2147483647;
			files = (
			);
			runOnlyForDeploymentPostprocessing = 0;
		};
		A0E916081E49758C00778A27 /* Frameworks */ = {
			isa = PBXFrameworksBuildPhase;
			buildActionMask = 2147483647;
			files = (
			);
			runOnlyForDeploymentPostprocessing = 0;
		};
		A0E916131E49758C00778A27 /* Frameworks */ = {
			isa = PBXFrameworksBuildPhase;
			buildActionMask = 2147483647;
			files = (
			);
			runOnlyForDeploymentPostprocessing = 0;
		};
/* End PBXFrameworksBuildPhase section */

/* Begin PBXGroup section */
		A0E915EE1E49758C00778A27 = {
			isa = PBXGroup;
			children = (
				A0E915F91E49758C00778A27 /* WKImagePicker */,
				A0E9160E1E49758C00778A27 /* WKImagePickerTests */,
				A0E916191E49758C00778A27 /* WKImagePickerUITests */,
				A0E915F81E49758C00778A27 /* Products */,
			);
			sourceTree = "<group>";
		};
		A0E915F81E49758C00778A27 /* Products */ = {
			isa = PBXGroup;
			children = (
				A0E915F71E49758C00778A27 /* WKImagePicker.app */,
				A0E9160B1E49758C00778A27 /* WKImagePickerTests.xctest */,
				A0E916161E49758C00778A27 /* WKImagePickerUITests.xctest */,
			);
			name = Products;
			sourceTree = "<group>";
		};
		A0E915F91E49758C00778A27 /* WKImagePicker */ = {
			isa = PBXGroup;
			children = (
				A0E915FA1E49758C00778A27 /* AppDelegate.swift */,
				A0E915FC1E49758C00778A27 /* ViewController.swift */,
				A0E916281E497BC200778A27 /* ImagePickerViewController.swift */,
				A05F4D451E4C508100D37809 /* ShowPictureViewController.swift */,
				A0E915FE1E49758C00778A27 /* Main.storyboard */,
				A0E916011E49758C00778A27 /* Assets.xcassets */,
				A0E916031E49758C00778A27 /* LaunchScreen.storyboard */,
				A0E916061E49758C00778A27 /* Info.plist */,
			);
			path = WKImagePicker;
			sourceTree = "<group>";
		};
		A0E9160E1E49758C00778A27 /* WKImagePickerTests */ = {
			isa = PBXGroup;
			children = (
				A0E9160F1E49758C00778A27 /* WKImagePickerTests.swift */,
				A0E916111E49758C00778A27 /* Info.plist */,
			);
			path = WKImagePickerTests;
			sourceTree = "<group>";
		};
		A0E916191E49758C00778A27 /* WKImagePickerUITests */ = {
			isa = PBXGroup;
			children = (
				A0E9161A1E49758C00778A27 /* WKImagePickerUITests.swift */,
				A0E9161C1E49758C00778A27 /* Info.plist */,
			);
			path = WKImagePickerUITests;
			sourceTree = "<group>";
		};
/* End PBXGroup section */

/* Begin PBXNativeTarget section */
		A0E915F61E49758C00778A27 /* WKImagePicker */ = {
			isa = PBXNativeTarget;
			buildConfigurationList = A0E9161F1E49758C00778A27 /* Build configuration list for PBXNativeTarget "WKImagePicker" */;
			buildPhases = (
				A0E915F31E49758C00778A27 /* Sources */,
				A0E915F41E49758C00778A27 /* Frameworks */,
				A0E915F51E49758C00778A27 /* Resources */,
			);
			buildRules = (
			);
			dependencies = (
			);
			name = WKImagePicker;
			productName = WKImagePicker;
			productReference = A0E915F71E49758C00778A27 /* WKImagePicker.app */;
			productType = "com.apple.product-type.application";
		};
		A0E9160A1E49758C00778A27 /* WKImagePickerTests */ = {
			isa = PBXNativeTarget;
			buildConfigurationList = A0E916221E49758C00778A27 /* Build configuration list for PBXNativeTarget "WKImagePickerTests" */;
			buildPhases = (
				A0E916071E49758C00778A27 /* Sources */,
				A0E916081E49758C00778A27 /* Frameworks */,
				A0E916091E49758C00778A27 /* Resources */,
			);
			buildRules = (
			);
			dependencies = (
				A0E9160D1E49758C00778A27 /* PBXTargetDependency */,
			);
			name = WKImagePickerTests;
			productName = WKImagePickerTests;
			productReference = A0E9160B1E49758C00778A27 /* WKImagePickerTests.xctest */;
			productType = "com.apple.product-type.bundle.unit-test";
		};
		A0E916151E49758C00778A27 /* WKImagePickerUITests */ = {
			isa = PBXNativeTarget;
			buildConfigurationList = A0E916251E49758C00778A27 /* Build configuration list for PBXNativeTarget "WKImagePickerUITests" */;
			buildPhases = (
				A0E916121E49758C00778A27 /* Sources */,
				A0E916131E49758C00778A27 /* Frameworks */,
				A0E916141E49758C00778A27 /* Resources */,
			);
			buildRules = (
			);
			dependencies = (
				A0E916181E49758C00778A27 /* PBXTargetDependency */,
			);
			name = WKImagePickerUITests;
			productName = WKImagePickerUITests;
			productReference = A0E916161E49758C00778A27 /* WKImagePickerUITests.xctest */;
			productType = "com.apple.product-type.bundle.ui-testing";
		};
/* End PBXNativeTarget section */

/* Begin PBXProject section */
		A0E915EF1E49758C00778A27 /* Project object */ = {
			isa = PBXProject;
			attributes = {
				LastSwiftUpdateCheck = 0820;
				LastUpgradeCheck = 0820;
				ORGANIZATIONNAME = keke;
				TargetAttributes = {
					A0E915F61E49758C00778A27 = {
						CreatedOnToolsVersion = 8.2.1;
						DevelopmentTeam = T546TXZ78Q;
						ProvisioningStyle = Automatic;
					};
					A0E9160A1E49758C00778A27 = {
						CreatedOnToolsVersion = 8.2.1;
						ProvisioningStyle = Automatic;
						TestTargetID = A0E915F61E49758C00778A27;
					};
					A0E916151E49758C00778A27 = {
						CreatedOnToolsVersion = 8.2.1;
						ProvisioningStyle = Automatic;
						TestTargetID = A0E915F61E49758C00778A27;
					};
				};
			};
			buildConfigurationList = A0E915F21E49758C00778A27 /* Build configuration list for PBXProject "WKImagePicker" */;
			compatibilityVersion = "Xcode 3.2";
			developmentRegion = English;
			hasScannedForEncodings = 0;
			knownRegions = (
				en,
				Base,
			);
			mainGroup = A0E915EE1E49758C00778A27;
			productRefGroup = A0E915F81E49758C00778A27 /* Products */;
			projectDirPath = "";
			projectRoot = "";
			targets = (
				A0E915F61E49758C00778A27 /* WKImagePicker */,
				A0E9160A1E49758C00778A27 /* WKImagePickerTests */,
				A0E916151E49758C00778A27 /* WKImagePickerUITests */,
			);
		};
/* End PBXProject section */

/* Begin PBXResourcesBuildPhase section */
		A0E915F51E49758C00778A27 /* Resources */ = {
			isa = PBXResourcesBuildPhase;
			buildActionMask = 2147483647;
			files = (
				A0E916051E49758C00778A27 /* LaunchScreen.storyboard in Resources */,
				A0E916021E49758C00778A27 /* Assets.xcassets in Resources */,
				A0E916001E49758C00778A27 /* Main.storyboard in Resources */,
			);
			runOnlyForDeploymentPostprocessing = 0;
		};
		A0E916091E49758C00778A27 /* Resources */ = {
			isa = PBXResourcesBuildPhase;
			buildActionMask = 2147483647;
			files = (
			);
			runOnlyForDeploymentPostprocessing = 0;
		};
		A0E916141E49758C00778A27 /* Resources */ = {
			isa = PBXResourcesBuildPhase;
			buildActionMask = 2147483647;
			files = (
			);
			runOnlyForDeploymentPostprocessing = 0;
		};
/* End PBXResourcesBuildPhase section */

/* Begin PBXSourcesBuildPhase section */
		A0E915F31E49758C00778A27 /* Sources */ = {
			isa = PBXSourcesBuildPhase;
			buildActionMask = 2147483647;
			files = (
				A0E916291E497BC200778A27 /* ImagePickerViewController.swift in Sources */,
				A0E915FD1E49758C00778A27 /* ViewController.swift in Sources */,
				A05F4D461E4C508100D37809 /* ShowPictureViewController.swift in Sources */,
				A0E915FB1E49758C00778A27 /* AppDelegate.swift in Sources */,
			);
			runOnlyForDeploymentPostprocessing = 0;
		};
		A0E916071E49758C00778A27 /* Sources */ = {
			isa = PBXSourcesBuildPhase;
			buildActionMask = 2147483647;
			files = (
				A0E916101E49758C00778A27 /* WKImagePickerTests.swift in Sources */,
			);
			runOnlyForDeploymentPostprocessing = 0;
		};
		A0E916121E49758C00778A27 /* Sources */ = {
			isa = PBXSourcesBuildPhase;
			buildActionMask = 2147483647;
			files = (
				A0E9161B1E49758C00778A27 /* WKImagePickerUITests.swift in Sources */,
			);
			runOnlyForDeploymentPostprocessing = 0;
		};
/* End PBXSourcesBuildPhase section */

/* Begin PBXTargetDependency section */
		A0E9160D1E49758C00778A27 /* PBXTargetDependency */ = {
			isa = PBXTargetDependency;
			target = A0E915F61E49758C00778A27 /* WKImagePicker */;
			targetProxy = A0E9160C1E49758C00778A27 /* PBXContainerItemProxy */;
		};
		A0E916181E49758C00778A27 /* PBXTargetDependency */ = {
			isa = PBXTargetDependency;
			target = A0E915F61E49758C00778A27 /* WKImagePicker */;
			targetProxy = A0E916171E49758C00778A27 /* PBXContainerItemProxy */;
		};
/* End PBXTargetDependency section */

/* Begin PBXVariantGroup section */
		A0E915FE1E49758C00778A27 /* Main.storyboard */ = {
			isa = PBXVariantGroup;
			children = (
				A0E915FF1E49758C00778A27 /* Base */,
			);
			name = Main.storyboard;
			sourceTree = "<group>";
		};
		A0E916031E49758C00778A27 /* LaunchScreen.storyboard */ = {
			isa = PBXVariantGroup;
			children = (
				A0E916041E49758C00778A27 /* Base */,
			);
			name = LaunchScreen.storyboard;
			sourceTree = "<group>";
		};
/* End PBXVariantGroup section */

/* Begin XCBuildConfiguration section */
		A0E9161D1E49758C00778A27 /* Debug */ = {
			isa = XCBuildConfiguration;
			buildSettings = {
				ALWAYS_SEARCH_USER_PATHS = NO;
				CLANG_ANALYZER_NONNULL = YES;
				CLANG_CXX_LANGUAGE_STANDARD = "gnu++0x";
				CLANG_CXX_LIBRARY = "libc++";
				CLANG_ENABLE_MODULES = YES;
				CLANG_ENABLE_OBJC_ARC = YES;
				CLANG_WARN_BOOL_CONVERSION = YES;
				CLANG_WARN_CONSTANT_CONVERSION = YES;
				CLANG_WARN_DIRECT_OBJC_ISA_USAGE = YES_ERROR;
				CLANG_WARN_DOCUMENTATION_COMMENTS = YES;
				CLANG_WARN_EMPTY_BODY = YES;
				CLANG_WARN_ENUM_CONVERSION = YES;
				CLANG_WARN_INFINITE_RECURSION = YES;
				CLANG_WARN_INT_CONVERSION = YES;
				CLANG_WARN_OBJC_ROOT_CLASS = YES_ERROR;
				CLANG_WARN_SUSPICIOUS_MOVE = YES;
				CLANG_WARN_UNREACHABLE_CODE = YES;
				CLANG_WARN__DUPLICATE_METHOD_MATCH = YES;
				"CODE_SIGN_IDENTITY[sdk=iphoneos*]" = "iPhone Developer";
				COPY_PHASE_STRIP = NO;
				DEBUG_INFORMATION_FORMAT = dwarf;
				ENABLE_STRICT_OBJC_MSGSEND = YES;
				ENABLE_TESTABILITY = YES;
				GCC_C_LANGUAGE_STANDARD = gnu99;
				GCC_DYNAMIC_NO_PIC = NO;
				GCC_NO_COMMON_BLOCKS = YES;
				GCC_OPTIMIZATION_LEVEL = 0;
				GCC_PREPROCESSOR_DEFINITIONS = (
					"DEBUG=1",
					"$(inherited)",
				);
				GCC_WARN_64_TO_32_BIT_CONVERSION = YES;
				GCC_WARN_ABOUT_RETURN_TYPE = YES_ERROR;
				GCC_WARN_UNDECLARED_SELECTOR = YES;
				GCC_WARN_UNINITIALIZED_AUTOS = YES_AGGRESSIVE;
				GCC_WARN_UNUSED_FUNCTION = YES;
				GCC_WARN_UNUSED_VARIABLE = YES;
				IPHONEOS_DEPLOYMENT_TARGET = 10.2;
				MTL_ENABLE_DEBUG_INFO = YES;
				ONLY_ACTIVE_ARCH = YES;
				SDKROOT = iphoneos;
				SWIFT_ACTIVE_COMPILATION_CONDITIONS = DEBUG;
				SWIFT_OPTIMIZATION_LEVEL = "-Onone";
				TARGETED_DEVICE_FAMILY = "1,2";
			};
			name = Debug;
		};
		A0E9161E1E49758C00778A27 /* Release */ = {
			isa = XCBuildConfiguration;
			buildSettings = {
				ALWAYS_SEARCH_USER_PATHS = NO;
				CLANG_ANALYZER_NONNULL = YES;
				CLANG_CXX_LANGUAGE_STANDARD = "gnu++0x";
				CLANG_CXX_LIBRARY = "libc++";
				CLANG_ENABLE_MODULES = YES;
				CLANG_ENABLE_OBJC_ARC = YES;
				CLANG_WARN_BOOL_CONVERSION = YES;
				CLANG_WARN_CONSTANT_CONVERSION = YES;
				CLANG_WARN_DIRECT_OBJC_ISA_USAGE = YES_ERROR;
				CLANG_WARN_DOCUMENTATION_COMMENTS = YES;
				CLANG_WARN_EMPTY_BODY = YES;
				CLANG_WARN_ENUM_CONVERSION = YES;
				CLANG_WARN_INFINITE_RECURSION = YES;
				CLANG_WARN_INT_CONVERSION = YES;
				CLANG_WARN_OBJC_ROOT_CLASS = YES_ERROR;
				CLANG_WARN_SUSPICIOUS_MOVE = YES;
				CLANG_WARN_UNREACHABLE_CODE = YES;
				CLANG_WARN__DUPLICATE_METHOD_MATCH = YES;
				"CODE_SIGN_IDENTITY[sdk=iphoneos*]" = "iPhone Developer";
				COPY_PHASE_STRIP = NO;
				DEBUG_INFORMATION_FORMAT = "dwarf-with-dsym";
				ENABLE_NS_ASSERTIONS = NO;
				ENABLE_STRICT_OBJC_MSGSEND = YES;
				GCC_C_LANGUAGE_STANDARD = gnu99;
				GCC_NO_COMMON_BLOCKS = YES;
				GCC_WARN_64_TO_32_BIT_CONVERSION = YES;
				GCC_WARN_ABOUT_RETURN_TYPE = YES_ERROR;
				GCC_WARN_UNDECLARED_SELECTOR = YES;
				GCC_WARN_UNINITIALIZED_AUTOS = YES_AGGRESSIVE;
				GCC_WARN_UNUSED_FUNCTION = YES;
				GCC_WARN_UNUSED_VARIABLE = YES;
				IPHONEOS_DEPLOYMENT_TARGET = 10.2;
				MTL_ENABLE_DEBUG_INFO = NO;
				SDKROOT = iphoneos;
				SWIFT_OPTIMIZATION_LEVEL = "-Owholemodule";
				TARGETED_DEVICE_FAMILY = "1,2";
				VALIDATE_PRODUCT = YES;
			};
			name = Release;
		};
		A0E916201E49758C00778A27 /* Debug */ = {
			isa = XCBuildConfiguration;
			buildSettings = {
				ASSETCATALOG_COMPILER_APPICON_NAME = AppIcon;
				DEVELOPMENT_TEAM = T546TXZ78Q;
				INFOPLIST_FILE = WKImagePicker/Info.plist;
				IPHONEOS_DEPLOYMENT_TARGET = 9.1;
				LD_RUNPATH_SEARCH_PATHS = "$(inherited) @executable_path/Frameworks";
				PRODUCT_BUNDLE_IDENTIFIER = WK.WKImagePicker;
				PRODUCT_NAME = "$(TARGET_NAME)";
				SWIFT_VERSION = 3.0;
			};
			name = Debug;
		};
		A0E916211E49758C00778A27 /* Release */ = {
			isa = XCBuildConfiguration;
			buildSettings = {
				ASSETCATALOG_COMPILER_APPICON_NAME = AppIcon;
				DEVELOPMENT_TEAM = T546TXZ78Q;
				INFOPLIST_FILE = WKImagePicker/Info.plist;
				IPHONEOS_DEPLOYMENT_TARGET = 9.1;
				LD_RUNPATH_SEARCH_PATHS = "$(inherited) @executable_path/Frameworks";
				PRODUCT_BUNDLE_IDENTIFIER = WK.WKImagePicker;
				PRODUCT_NAME = "$(TARGET_NAME)";
				SWIFT_VERSION = 3.0;
			};
			name = Release;
		};
		A0E916231E49758C00778A27 /* Debug */ = {
			isa = XCBuildConfiguration;
			buildSettings = {
				ALWAYS_EMBED_SWIFT_STANDARD_LIBRARIES = YES;
				BUNDLE_LOADER = "$(TEST_HOST)";
				INFOPLIST_FILE = WKImagePickerTests/Info.plist;
				LD_RUNPATH_SEARCH_PATHS = "$(inherited) @executable_path/Frameworks @loader_path/Frameworks";
				PRODUCT_BUNDLE_IDENTIFIER = WK.WKImagePickerTests;
				PRODUCT_NAME = "$(TARGET_NAME)";
				SWIFT_VERSION = 3.0;
				TEST_HOST = "$(BUILT_PRODUCTS_DIR)/WKImagePicker.app/WKImagePicker";
			};
			name = Debug;
		};
		A0E916241E49758C00778A27 /* Release */ = {
			isa = XCBuildConfiguration;
			buildSettings = {
				ALWAYS_EMBED_SWIFT_STANDARD_LIBRARIES = YES;
				BUNDLE_LOADER = "$(TEST_HOST)";
				INFOPLIST_FILE = WKImagePickerTests/Info.plist;
				LD_RUNPATH_SEARCH_PATHS = "$(inherited) @executable_path/Frameworks @loader_path/Frameworks";
				PRODUCT_BUNDLE_IDENTIFIER = WK.WKImagePickerTests;
				PRODUCT_NAME = "$(TARGET_NAME)";
				SWIFT_VERSION = 3.0;
				TEST_HOST = "$(BUILT_PRODUCTS_DIR)/WKImagePicker.app/WKImagePicker";
			};
			name = Release;
		};
		A0E916261E49758C00778A27 /* Debug */ = {
			isa = XCBuildConfiguration;
			buildSettings = {
				ALWAYS_EMBED_SWIFT_STANDARD_LIBRARIES = YES;
				INFOPLIST_FILE = WKImagePickerUITests/Info.plist;
				LD_RUNPATH_SEARCH_PATHS = "$(inherited) @executable_path/Frameworks @loader_path/Frameworks";
				PRODUCT_BUNDLE_IDENTIFIER = WK.WKImagePickerUITests;
				PRODUCT_NAME = "$(TARGET_NAME)";
				SWIFT_VERSION = 3.0;
				TEST_TARGET_NAME = WKImagePicker;
			};
			name = Debug;
		};
		A0E916271E49758C00778A27 /* Release */ = {
			isa = XCBuildConfiguration;
			buildSettings = {
				ALWAYS_EMBED_SWIFT_STANDARD_LIBRARIES = YES;
				INFOPLIST_FILE = WKImagePickerUITests/Info.plist;
				LD_RUNPATH_SEARCH_PATHS = "$(inherited) @executable_path/Frameworks @loader_path/Frameworks";
				PRODUCT_BUNDLE_IDENTIFIER = WK.WKImagePickerUITests;
				PRODUCT_NAME = "$(TARGET_NAME)";
				SWIFT_VERSION = 3.0;
				TEST_TARGET_NAME = WKImagePicker;
			};
			name = Release;
		};
/* End XCBuildConfiguration section */

/* Begin XCConfigurationList section */
		A0E915F21E49758C00778A27 /* Build configuration list for PBXProject "WKImagePicker" */ = {
			isa = XCConfigurationList;
			buildConfigurations = (
				A0E9161D1E49758C00778A27 /* Debug */,
				A0E9161E1E49758C00778A27 /* Release */,
			);
			defaultConfigurationIsVisible = 0;
			defaultConfigurationName = Release;
		};
		A0E9161F1E49758C00778A27 /* Build configuration list for PBXNativeTarget "WKImagePicker" */ = {
			isa = XCConfigurationList;
			buildConfigurations = (
				A0E916201E49758C00778A27 /* Debug */,
				A0E916211E49758C00778A27 /* Release */,
			);
			defaultConfigurationIsVisible = 0;
			defaultConfigurationName = Release;
		};
		A0E916221E49758C00778A27 /* Build configuration list for PBXNativeTarget "WKImagePickerTests" */ = {
			isa = XCConfigurationList;
			buildConfigurations = (
				A0E916231E49758C00778A27 /* Debug */,
				A0E916241E49758C00778A27 /* Release */,
			);
			defaultConfigurationIsVisible = 0;
			defaultConfigurationName = Release;
		};
		A0E916251E49758C00778A27 /* Build configuration list for PBXNativeTarget "WKImagePickerUITests" */ = {
			isa = XCConfigurationList;
			buildConfigurations = (
				A0E916261E49758C00778A27 /* Debug */,
				A0E916271E49758C00778A27 /* Release */,
			);
			defaultConfigurationIsVisible = 0;
			defaultConfigurationName = Release;
		};
/* End XCConfigurationList section */
	};
	rootObject = A0E915EF1E49758C00778A27 /* Project object */;
}
